
Microsoft Visual Studio Solution File, Format Version 12.00
# Visual Studio Version 16
VisualStudioVersion = 16.0.31410.357
MinimumVisualStudioVersion = 10.0.40219.1
Project("{FAE04EC0-301F-11D3-BF4B-00C04F79EFBC}") = "WpfApp1", "WpfApp1\WpfApp1.csproj", "{B1154AFD-DB06-400C-B77F-ECB80DCD9E62}"
EndProject
Project("{2150E333-8FDC-42A3-9474-1A3956D46DE8}") = "Solution Items", "Solution Items", "{EF6BA3C4-0992-4DC5-A947-7F97F37027E5}"
	ProjectSection(SolutionItems) = preProject
		.editorconfig = .editorconfig
	EndProjectSection
EndProject
Global
	GlobalSection(SolutionConfigurationPlatforms) = preSolution
		Debug|Any CPU = Debug|Any CPU
		Release|Any CPU = Release|Any CPU
	EndGlobalSection
	GlobalSection(ProjectConfigurationPlatforms) = postSolution
		{B1154AFD-DB06-400C-B77F-ECB80DCD9E62}.Debug|Any CPU.ActiveCfg = Debug|Any CPU
		{B1154AFD-DB06-400C-B77F-ECB80DCD9E62}.Debug|Any CPU.Build.0 = Debug|Any CPU
		{B1154AFD-DB06-400C-B77F-ECB80DCD9E62}.Release|Any CPU.ActiveCfg = Release|Any CPU
		{B1154AFD-DB06-400C-B77F-ECB80DCD9E62}.Release|Any CPU.Build.0 = Release|Any CPU
	EndGlobalSection
	GlobalSection(SolutionProperties) = preSolution
		HideSolutionNode = FALSE
	EndGlobalSection
	GlobalSection(ExtensibilityGlobals) = postSolution
		SolutionGuid = {2F721C9D-B5FA-4CFD-8B80-CA27C5DEA73F}
	EndGlobalSection
EndGlobal
